// !$*UTF8*$!
{
	archiveVersion = 1;
	classes = {
	};
	objectVersion = 50;
	objects = {

/* Begin PBXBuildFile section */
		C357EA7D22513D8200F77475 /* AppDelegate.swift in Sources */ = {isa = PBXBuildFile; fileRef = C357EA7C22513D8200F77475 /* AppDelegate.swift */; };
		C357EA7F22513D8200F77475 /* ViewController.swift in Sources */ = {isa = PBXBuildFile; fileRef = C357EA7E22513D8200F77475 /* ViewController.swift */; };
		C357EA8222513D8200F77475 /* Main.storyboard in Resources */ = {isa = PBXBuildFile; fileRef = C357EA8022513D8200F77475 /* Main.storyboard */; };
		C357EA8422513D8300F77475 /* Assets.xcassets in Resources */ = {isa = PBXBuildFile; fileRef = C357EA8322513D8300F77475 /* Assets.xcassets */; };
		C357EA8722513D8300F77475 /* LaunchScreen.storyboard in Resources */ = {isa = PBXBuildFile; fileRef = C357EA8522513D8300F77475 /* LaunchScreen.storyboard */; };
		C357EA9222513D8300F77475 /* arcTests.swift in Sources */ = {isa = PBXBuildFile; fileRef = C357EA9122513D8300F77475 /* arcTests.swift */; };
		C357EA9D22513D8300F77475 /* arcUITests.swift in Sources */ = {isa = PBXBuildFile; fileRef = C357EA9C22513D8300F77475 /* arcUITests.swift */; };
/* End PBXBuildFile section */

/* Begin PBXContainerItemProxy section */
		C357EA8E22513D8300F77475 /* PBXContainerItemProxy */ = {
			isa = PBXContainerItemProxy;
			containerPortal = C357EA7122513D8200F77475 /* Project object */;
			proxyType = 1;
			remoteGlobalIDString = C357EA7822513D8200F77475;
			remoteInfo = arc;
		};
		C357EA9922513D8300F77475 /* PBXContainerItemProxy */ = {
			isa = PBXContainerItemProxy;
			containerPortal = C357EA7122513D8200F77475 /* Project object */;
			proxyType = 1;
			remoteGlobalIDString = C357EA7822513D8200F77475;
			remoteInfo = arc;
		};
/* End PBXContainerItemProxy section */

/* Begin PBXFileReference section */
		C357EA7922513D8200F77475 /* arc.app */ = {isa = PBXFileReference; explicitFileType = wrapper.application; includeInIndex = 0; path = arc.app; sourceTree = BUILT_PRODUCTS_DIR; };
		C357EA7C22513D8200F77475 /* AppDelegate.swift */ = {isa = PBXFileReference; lastKnownFileType = sourcecode.swift; path = AppDelegate.swift; sourceTree = "<group>"; };
		C357EA7E22513D8200F77475 /* ViewController.swift */ = {isa = PBXFileReference; lastKnownFileType = sourcecode.swift; path = ViewController.swift; sourceTree = "<group>"; };
		C357EA8122513D8200F77475 /* Base */ = {isa = PBXFileReference; lastKnownFileType = file.storyboard; name = Base; path = Base.lproj/Main.storyboard; sourceTree = "<group>"; };
		C357EA8322513D8300F77475 /* Assets.xcassets */ = {isa = PBXFileReference; lastKnownFileType = folder.assetcatalog; path = Assets.xcassets; sourceTree = "<group>"; };
		C357EA8622513D8300F77475 /* Base */ = {isa = PBXFileReference; lastKnownFileType = file.storyboard; name = Base; path = Base.lproj/LaunchScreen.storyboard; sourceTree = "<group>"; };
		C357EA8822513D8300F77475 /* Info.plist */ = {isa = PBXFileReference; lastKnownFileType = text.plist.xml; path = Info.plist; sourceTree = "<group>"; };
		C357EA8D22513D8300F77475 /* arcTests.xctest */ = {isa = PBXFileReference; explicitFileType = wrapper.cfbundle; includeInIndex = 0; path = arcTests.xctest; sourceTree = BUILT_PRODUCTS_DIR; };
		C357EA9122513D8300F77475 /* arcTests.swift */ = {isa = PBXFileReference; lastKnownFileType = sourcecode.swift; path = arcTests.swift; sourceTree = "<group>"; };
		C357EA9322513D8300F77475 /* Info.plist */ = {isa = PBXFileReference; lastKnownFileType = text.plist.xml; path = Info.plist; sourceTree = "<group>"; };
		C357EA9822513D8300F77475 /* arcUITests.xctest */ = {isa = PBXFileReference; explicitFileType = wrapper.cfbundle; includeInIndex = 0; path = arcUITests.xctest; sourceTree = BUILT_PRODUCTS_DIR; };
		C357EA9C22513D8300F77475 /* arcUITests.swift */ = {isa = PBXFileReference; lastKnownFileType = sourcecode.swift; path = arcUITests.swift; sourceTree = "<group>"; };
		C357EA9E22513D8300F77475 /* Info.plist */ = {isa = PBXFileReference; lastKnownFileType = text.plist.xml; path = Info.plist; sourceTree = "<group>"; };
/* End PBXFileReference section */

/* Begin PBXFrameworksBuildPhase section */
		C357EA7622513D8200F77475 /* Frameworks */ = {
			isa = PBXFrameworksBuildPhase;
			buildActionMask = 2147483647;
			files = (
			);
			runOnlyForDeploymentPostprocessing = 0;
		};
		C357EA8A22513D8300F77475 /* Frameworks */ = {
			isa = PBXFrameworksBuildPhase;
			buildActionMask = 2147483647;
			files = (
			);
			runOnlyForDeploymentPostprocessing = 0;
		};
		C357EA9522513D8300F77475 /* Frameworks */ = {
			isa = PBXFrameworksBuildPhase;
			buildActionMask = 2147483647;
			files = (
			);
			runOnlyForDeploymentPostprocessing = 0;
		};
/* End PBXFrameworksBuildPhase section */

/* Begin PBXGroup section */
		C357EA7022513D8200F77475 = {
			isa = PBXGroup;
			children = (
				C357EA7B22513D8200F77475 /* arc */,
				C357EA9022513D8300F77475 /* arcTests */,
				C357EA9B22513D8300F77475 /* arcUITests */,
				C357EA7A22513D8200F77475 /* Products */,
			);
			sourceTree = "<group>";
		};
		C357EA7A22513D8200F77475 /* Products */ = {
			isa = PBXGroup;
			children = (
				C357EA7922513D8200F77475 /* arc.app */,
				C357EA8D22513D8300F77475 /* arcTests.xctest */,
				C357EA9822513D8300F77475 /* arcUITests.xctest */,
			);
			name = Products;
			sourceTree = "<group>";
		};
		C357EA7B22513D8200F77475 /* arc */ = {
			isa = PBXGroup;
			children = (
				C357EA7C22513D8200F77475 /* AppDelegate.swift */,
				C357EA7E22513D8200F77475 /* ViewController.swift */,
				C357EA8022513D8200F77475 /* Main.storyboard */,
				C357EA8322513D8300F77475 /* Assets.xcassets */,
				C357EA8522513D8300F77475 /* LaunchScreen.storyboard */,
				C357EA8822513D8300F77475 /* Info.plist */,
			);
			path = arc;
			sourceTree = "<group>";
		};
		C357EA9022513D8300F77475 /* arcTests */ = {
			isa = PBXGroup;
			children = (
				C357EA9122513D8300F77475 /* arcTests.swift */,
				C357EA9322513D8300F77475 /* Info.plist */,
			);
			path = arcTests;
			sourceTree = "<group>";
		};
		C357EA9B22513D8300F77475 /* arcUITests */ = {
			isa = PBXGroup;
			children = (
				C357EA9C22513D8300F77475 /* arcUITests.swift */,
				C357EA9E22513D8300F77475 /* Info.plist */,
			);
			path = arcUITests;
			sourceTree = "<group>";
		};
/* End PBXGroup section */

/* Begin PBXNativeTarget section */
		C357EA7822513D8200F77475 /* arc */ = {
			isa = PBXNativeTarget;
			buildConfigurationList = C357EAA122513D8300F77475 /* Build configuration list for PBXNativeTarget "arc" */;
			buildPhases = (
				C357EA7522513D8200F77475 /* Sources */,
				C357EA7622513D8200F77475 /* Frameworks */,
				C357EA7722513D8200F77475 /* Resources */,
			);
			buildRules = (
			);
			dependencies = (
			);
			name = arc;
			productName = arc;
			productReference = C357EA7922513D8200F77475 /* arc.app */;
			productType = "com.apple.product-type.application";
		};
		C357EA8C22513D8300F77475 /* arcTests */ = {
			isa = PBXNativeTarget;
			buildConfigurationList = C357EAA422513D8300F77475 /* Build configuration list for PBXNativeTarget "arcTests" */;
			buildPhases = (
				C357EA8922513D8300F77475 /* Sources */,
				C357EA8A22513D8300F77475 /* Frameworks */,
				C357EA8B22513D8300F77475 /* Resources */,
			);
			buildRules = (
			);
			dependencies = (
				C357EA8F22513D8300F77475 /* PBXTargetDependency */,
			);
			name = arcTests;
			productName = arcTests;
			productReference = C357EA8D22513D8300F77475 /* arcTests.xctest */;
			productType = "com.apple.product-type.bundle.unit-test";
		};
		C357EA9722513D8300F77475 /* arcUITests */ = {
			isa = PBXNativeTarget;
			buildConfigurationList = C357EAA722513D8300F77475 /* Build configuration list for PBXNativeTarget "arcUITests" */;
			buildPhases = (
				C357EA9422513D8300F77475 /* Sources */,
				C357EA9522513D8300F77475 /* Frameworks */,
				C357EA9622513D8300F77475 /* Resources */,
			);
			buildRules = (
			);
			dependencies = (
				C357EA9A22513D8300F77475 /* PBXTargetDependency */,
			);
			name = arcUITests;
			productName = arcUITests;
			productReference = C357EA9822513D8300F77475 /* arcUITests.xctest */;
			productType = "com.apple.product-type.bundle.ui-testing";
		};
/* End PBXNativeTarget section */

/* Begin PBXProject section */
		C357EA7122513D8200F77475 /* Project object */ = {
			isa = PBXProject;
			attributes = {
				LastSwiftUpdateCheck = 1020;
				LastUpgradeCheck = 1020;
				ORGANIZATIONNAME = "James Liang";
				TargetAttributes = {
					C357EA7822513D8200F77475 = {
						CreatedOnToolsVersion = 10.2;
					};
					C357EA8C22513D8300F77475 = {
						CreatedOnToolsVersion = 10.2;
						TestTargetID = C357EA7822513D8200F77475;
					};
					C357EA9722513D8300F77475 = {
						CreatedOnToolsVersion = 10.2;
						TestTargetID = C357EA7822513D8200F77475;
					};
				};
			};
			buildConfigurationList = C357EA7422513D8200F77475 /* Build configuration list for PBXProject "arc" */;
			compatibilityVersion = "Xcode 9.3";
			developmentRegion = en;
			hasScannedForEncodings = 0;
			knownRegions = (
				en,
				Base,
			);
			mainGroup = C357EA7022513D8200F77475;
			productRefGroup = C357EA7A22513D8200F77475 /* Products */;
			projectDirPath = "";
			projectRoot = "";
			targets = (
				C357EA7822513D8200F77475 /* arc */,
				C357EA8C22513D8300F77475 /* arcTests */,
				C357EA9722513D8300F77475 /* arcUITests */,
			);
		};
/* End PBXProject section */

/* Begin PBXResourcesBuildPhase section */
		C357EA7722513D8200F77475 /* Resources */ = {
			isa = PBXResourcesBuildPhase;
			buildActionMask = 2147483647;
			files = (
				C357EA8722513D8300F77475 /* LaunchScreen.storyboard in Resources */,
				C357EA8422513D8300F77475 /* Assets.xcassets in Resources */,
				C357EA8222513D8200F77475 /* Main.storyboard in Resources */,
			);
			runOnlyForDeploymentPostprocessing = 0;
		};
		C357EA8B22513D8300F77475 /* Resources */ = {
			isa = PBXResourcesBuildPhase;
			buildActionMask = 2147483647;
			files = (
			);
			runOnlyForDeploymentPostprocessing = 0;
		};
		C357EA9622513D8300F77475 /* Resources */ = {
			isa = PBXResourcesBuildPhase;
			buildActionMask = 2147483647;
			files = (
			);
			runOnlyForDeploymentPostprocessing = 0;
		};
/* End PBXResourcesBuildPhase section */

/* Begin PBXSourcesBuildPhase section */
		C357EA7522513D8200F77475 /* Sources */ = {
			isa = PBXSourcesBuildPhase;
			buildActionMask = 2147483647;
			files = (
				C357EA7F22513D8200F77475 /* ViewController.swift in Sources */,
				C357EA7D22513D8200F77475 /* AppDelegate.swift in Sources */,
			);
			runOnlyForDeploymentPostprocessing = 0;
		};
		C357EA8922513D8300F77475 /* Sources */ = {
			isa = PBXSourcesBuildPhase;
			buildActionMask = 2147483647;
			files = (
				C357EA9222513D8300F77475 /* arcTests.swift in Sources */,
			);
			runOnlyForDeploymentPostprocessing = 0;
		};
		C357EA9422513D8300F77475 /* Sources */ = {
			isa = PBXSourcesBuildPhase;
			buildActionMask = 2147483647;
			files = (
				C357EA9D22513D8300F77475 /* arcUITests.swift in Sources */,
			);
			runOnlyForDeploymentPostprocessing = 0;
		};
/* End PBXSourcesBuildPhase section */

/* Begin PBXTargetDependency section */
		C357EA8F22513D8300F77475 /* PBXTargetDependency */ = {
			isa = PBXTargetDependency;
			target = C357EA7822513D8200F77475 /* arc */;
			targetProxy = C357EA8E22513D8300F77475 /* PBXContainerItemProxy */;
		};
		C357EA9A22513D8300F77475 /* PBXTargetDependency */ = {
			isa = PBXTargetDependency;
			target = C357EA7822513D8200F77475 /* arc */;
			targetProxy = C357EA9922513D8300F77475 /* PBXContainerItemProxy */;
		};
/* End PBXTargetDependency section */

/* Begin PBXVariantGroup section */
		C357EA8022513D8200F77475 /* Main.storyboard */ = {
			isa = PBXVariantGroup;
			children = (
				C357EA8122513D8200F77475 /* Base */,
			);
			name = Main.storyboard;
			sourceTree = "<group>";
		};
		C357EA8522513D8300F77475 /* LaunchScreen.storyboard */ = {
			isa = PBXVariantGroup;
			children = (
				C357EA8622513D8300F77475 /* Base */,
			);
			name = LaunchScreen.storyboard;
			sourceTree = "<group>";
		};
/* End PBXVariantGroup section */

/* Begin XCBuildConfiguration section */
		C357EA9F22513D8300F77475 /* Debug */ = {
			isa = XCBuildConfiguration;
			buildSettings = {
				ALWAYS_SEARCH_USER_PATHS = NO;
				CLANG_ANALYZER_NONNULL = YES;
				CLANG_ANALYZER_NUMBER_OBJECT_CONVERSION = YES_AGGRESSIVE;
				CLANG_CXX_LANGUAGE_STANDARD = "gnu++14";
				CLANG_CXX_LIBRARY = "libc++";
				CLANG_ENABLE_MODULES = YES;
				CLANG_ENABLE_OBJC_ARC = YES;
				CLANG_ENABLE_OBJC_WEAK = YES;
				CLANG_WARN_BLOCK_CAPTURE_AUTORELEASING = YES;
				CLANG_WARN_BOOL_CONVERSION = YES;
				CLANG_WARN_COMMA = YES;
				CLANG_WARN_CONSTANT_CONVERSION = YES;
				CLANG_WARN_DEPRECATED_OBJC_IMPLEMENTATIONS = YES;
				CLANG_WARN_DIRECT_OBJC_ISA_USAGE = YES_ERROR;
				CLANG_WARN_DOCUMENTATION_COMMENTS = YES;
				CLANG_WARN_EMPTY_BODY = YES;
				CLANG_WARN_ENUM_CONVERSION = YES;
				CLANG_WARN_INFINITE_RECURSION = YES;
				CLANG_WARN_INT_CONVERSION = YES;
				CLANG_WARN_NON_LITERAL_NULL_CONVERSION = YES;
				CLANG_WARN_OBJC_IMPLICIT_RETAIN_SELF = YES;
				CLANG_WARN_OBJC_LITERAL_CONVERSION = YES;
				CLANG_WARN_OBJC_ROOT_CLASS = YES_ERROR;
				CLANG_WARN_RANGE_LOOP_ANALYSIS = YES;
				CLANG_WARN_STRICT_PROTOTYPES = YES;
				CLANG_WARN_SUSPICIOUS_MOVE = YES;
				CLANG_WARN_UNGUARDED_AVAILABILITY = YES_AGGRESSIVE;
				CLANG_WARN_UNREACHABLE_CODE = YES;
				CLANG_WARN__DUPLICATE_METHOD_MATCH = YES;
				CODE_SIGN_IDENTITY = "iPhone Developer";
				COPY_PHASE_STRIP = NO;
				DEBUG_INFORMATION_FORMAT = dwarf;
				ENABLE_STRICT_OBJC_MSGSEND = YES;
				ENABLE_TESTABILITY = YES;
				GCC_C_LANGUAGE_STANDARD = gnu11;
				GCC_DYNAMIC_NO_PIC = NO;
				GCC_NO_COMMON_BLOCKS = YES;
				GCC_OPTIMIZATION_LEVEL = 0;
				GCC_PREPROCESSOR_DEFINITIONS = (
					"DEBUG=1",
					"$(inherited)",
				);
				GCC_WARN_64_TO_32_BIT_CONVERSION = YES;
				GCC_WARN_ABOUT_RETURN_TYPE = YES_ERROR;
				GCC_WARN_UNDECLARED_SELECTOR = YES;
				GCC_WARN_UNINITIALIZED_AUTOS = YES_AGGRESSIVE;
				GCC_WARN_UNUSED_FUNCTION = YES;
				GCC_WARN_UNUSED_VARIABLE = YES;
				IPHONEOS_DEPLOYMENT_TARGET = 12.2;
				MTL_ENABLE_DEBUG_INFO = INCLUDE_SOURCE;
				MTL_FAST_MATH = YES;
				ONLY_ACTIVE_ARCH = YES;
				SDKROOT = iphoneos;
				SWIFT_ACTIVE_COMPILATION_CONDITIONS = DEBUG;
				SWIFT_OPTIMIZATION_LEVEL = "-Onone";
			};
			name = Debug;
		};
		C357EAA022513D8300F77475 /* Release */ = {
			isa = XCBuildConfiguration;
			buildSettings = {
				ALWAYS_SEARCH_USER_PATHS = NO;
				CLANG_ANALYZER_NONNULL = YES;
				CLANG_ANALYZER_NUMBER_OBJECT_CONVERSION = YES_AGGRESSIVE;
				CLANG_CXX_LANGUAGE_STANDARD = "gnu++14";
				CLANG_CXX_LIBRARY = "libc++";
				CLANG_ENABLE_MODULES = YES;
				CLANG_ENABLE_OBJC_ARC = YES;
				CLANG_ENABLE_OBJC_WEAK = YES;
				CLANG_WARN_BLOCK_CAPTURE_AUTORELEASING = YES;
				CLANG_WARN_BOOL_CONVERSION = YES;
				CLANG_WARN_COMMA = YES;
				CLANG_WARN_CONSTANT_CONVERSION = YES;
				CLANG_WARN_DEPRECATED_OBJC_IMPLEMENTATIONS = YES;
				CLANG_WARN_DIRECT_OBJC_ISA_USAGE = YES_ERROR;
				CLANG_WARN_DOCUMENTATION_COMMENTS = YES;
				CLANG_WARN_EMPTY_BODY = YES;
				CLANG_WARN_ENUM_CONVERSION = YES;
				CLANG_WARN_INFINITE_RECURSION = YES;
				CLANG_WARN_INT_CONVERSION = YES;
				CLANG_WARN_NON_LITERAL_NULL_CONVERSION = YES;
				CLANG_WARN_OBJC_IMPLICIT_RETAIN_SELF = YES;
				CLANG_WARN_OBJC_LITERAL_CONVERSION = YES;
				CLANG_WARN_OBJC_ROOT_CLASS = YES_ERROR;
				CLANG_WARN_RANGE_LOOP_ANALYSIS = YES;
				CLANG_WARN_STRICT_PROTOTYPES = YES;
				CLANG_WARN_SUSPICIOUS_MOVE = YES;
				CLANG_WARN_UNGUARDED_AVAILABILITY = YES_AGGRESSIVE;
				CLANG_WARN_UNREACHABLE_CODE = YES;
				CLANG_WARN__DUPLICATE_METHOD_MATCH = YES;
				CODE_SIGN_IDENTITY = "iPhone Developer";
				COPY_PHASE_STRIP = NO;
				DEBUG_INFORMATION_FORMAT = "dwarf-with-dsym";
				ENABLE_NS_ASSERTIONS = NO;
				ENABLE_STRICT_OBJC_MSGSEND = YES;
				GCC_C_LANGUAGE_STANDARD = gnu11;
				GCC_NO_COMMON_BLOCKS = YES;
				GCC_WARN_64_TO_32_BIT_CONVERSION = YES;
				GCC_WARN_ABOUT_RETURN_TYPE = YES_ERROR;
				GCC_WARN_UNDECLARED_SELECTOR = YES;
				GCC_WARN_UNINITIALIZED_AUTOS = YES_AGGRESSIVE;
				GCC_WARN_UNUSED_FUNCTION = YES;
				GCC_WARN_UNUSED_VARIABLE = YES;
				IPHONEOS_DEPLOYMENT_TARGET = 12.2;
				MTL_ENABLE_DEBUG_INFO = NO;
				MTL_FAST_MATH = YES;
				SDKROOT = iphoneos;
				SWIFT_COMPILATION_MODE = wholemodule;
				SWIFT_OPTIMIZATION_LEVEL = "-O";
				VALIDATE_PRODUCT = YES;
			};
			name = Release;
		};
		C357EAA222513D8300F77475 /* Debug */ = {
			isa = XCBuildConfiguration;
			buildSettings = {
				ASSETCATALOG_COMPILER_APPICON_NAME = AppIcon;
				CODE_SIGN_STYLE = Automatic;
				DEVELOPMENT_TEAM = QHY8ACVZS5;
				INFOPLIST_FILE = arc/Info.plist;
				IPHONEOS_DEPLOYMENT_TARGET = 12.0;
				LD_RUNPATH_SEARCH_PATHS = (
					"$(inherited)",
					"@executable_path/Frameworks",
				);
				PRODUCT_BUNDLE_IDENTIFIER = jimbucktoo.arc;
				PRODUCT_NAME = "$(TARGET_NAME)";
				SWIFT_VERSION = 5.0;
				TARGETED_DEVICE_FAMILY = "1,2";
			};
			name = Debug;
		};
		C357EAA322513D8300F77475 /* Release */ = {
			isa = XCBuildConfiguration;
			buildSettings = {
				ASSETCATALOG_COMPILER_APPICON_NAME = AppIcon;
				CODE_SIGN_STYLE = Automatic;
				DEVELOPMENT_TEAM = QHY8ACVZS5;
				INFOPLIST_FILE = arc/Info.plist;
				IPHONEOS_DEPLOYMENT_TARGET = 12.0;
				LD_RUNPATH_SEARCH_PATHS = (
					"$(inherited)",
					"@executable_path/Frameworks",
				);
				PRODUCT_BUNDLE_IDENTIFIER = jimbucktoo.arc;
				PRODUCT_NAME = "$(TARGET_NAME)";
				SWIFT_VERSION = 5.0;
				TARGETED_DEVICE_FAMILY = "1,2";
			};
			name = Release;
		};
		C357EAA522513D8300F77475 /* Debug */ = {
			isa = XCBuildConfiguration;
			buildSettings = {
				ALWAYS_EMBED_SWIFT_STANDARD_LIBRARIES = YES;
				BUNDLE_LOADER = "$(TEST_HOST)";
				CODE_SIGN_STYLE = Automatic;
				DEVELOPMENT_TEAM = QHY8ACVZS5;
				INFOPLIST_FILE = arcTests/Info.plist;
				LD_RUNPATH_SEARCH_PATHS = (
					"$(inherited)",
					"@executable_path/Frameworks",
					"@loader_path/Frameworks",
				);
				PRODUCT_BUNDLE_IDENTIFIER = jimbucktoo.arcTests;
				PRODUCT_NAME = "$(TARGET_NAME)";
				SWIFT_VERSION = 5.0;
				TARGETED_DEVICE_FAMILY = "1,2";
				TEST_HOST = "$(BUILT_PRODUCTS_DIR)/arc.app/arc";
			};
			name = Debug;
		};
		C357EAA622513D8300F77475 /* Release */ = {
			isa = XCBuildConfiguration;
			buildSettings = {
				ALWAYS_EMBED_SWIFT_STANDARD_LIBRARIES = YES;
				BUNDLE_LOADER = "$(TEST_HOST)";
				CODE_SIGN_STYLE = Automatic;
				DEVELOPMENT_TEAM = QHY8ACVZS5;
				INFOPLIST_FILE = arcTests/Info.plist;
				LD_RUNPATH_SEARCH_PATHS = (
					"$(inherited)",
					"@executable_path/Frameworks",
					"@loader_path/Frameworks",
				);
				PRODUCT_BUNDLE_IDENTIFIER = jimbucktoo.arcTests;
				PRODUCT_NAME = "$(TARGET_NAME)";
				SWIFT_VERSION = 5.0;
				TARGETED_DEVICE_FAMILY = "1,2";
				TEST_HOST = "$(BUILT_PRODUCTS_DIR)/arc.app/arc";
			};
			name = Release;
		};
		C357EAA822513D8300F77475 /* Debug */ = {
			isa = XCBuildConfiguration;
			buildSettings = {
				ALWAYS_EMBED_SWIFT_STANDARD_LIBRARIES = YES;
				CODE_SIGN_STYLE = Automatic;
				DEVELOPMENT_TEAM = QHY8ACVZS5;
				INFOPLIST_FILE = arcUITests/Info.plist;
				LD_RUNPATH_SEARCH_PATHS = (
					"$(inherited)",
					"@executable_path/Frameworks",
					"@loader_path/Frameworks",
				);
				PRODUCT_BUNDLE_IDENTIFIER = jimbucktoo.arcUITests;
				PRODUCT_NAME = "$(TARGET_NAME)";
				SWIFT_VERSION = 5.0;
				TARGETED_DEVICE_FAMILY = "1,2";
				TEST_TARGET_NAME = arc;
			};
			name = Debug;
		};
		C357EAA922513D8300F77475 /* Release */ = {
			isa = XCBuildConfiguration;
			buildSettings = {
				ALWAYS_EMBED_SWIFT_STANDARD_LIBRARIES = YES;
				CODE_SIGN_STYLE = Automatic;
				DEVELOPMENT_TEAM = QHY8ACVZS5;
				INFOPLIST_FILE = arcUITests/Info.plist;
				LD_RUNPATH_SEARCH_PATHS = (
					"$(inherited)",
					"@executable_path/Frameworks",
					"@loader_path/Frameworks",
				);
				PRODUCT_BUNDLE_IDENTIFIER = jimbucktoo.arcUITests;
				PRODUCT_NAME = "$(TARGET_NAME)";
				SWIFT_VERSION = 5.0;
				TARGETED_DEVICE_FAMILY = "1,2";
				TEST_TARGET_NAME = arc;
			};
			name = Release;
		};
/* End XCBuildConfiguration section */

/* Begin XCConfigurationList section */
		C357EA7422513D8200F77475 /* Build configuration list for PBXProject "arc" */ = {
			isa = XCConfigurationList;
			buildConfigurations = (
				C357EA9F22513D8300F77475 /* Debug */,
				C357EAA022513D8300F77475 /* Release */,
			);
			defaultConfigurationIsVisible = 0;
			defaultConfigurationName = Release;
		};
		C357EAA122513D8300F77475 /* Build configuration list for PBXNativeTarget "arc" */ = {
			isa = XCConfigurationList;
			buildConfigurations = (
				C357EAA222513D8300F77475 /* Debug */,
				C357EAA322513D8300F77475 /* Release */,
			);
			defaultConfigurationIsVisible = 0;
			defaultConfigurationName = Release;
		};
		C357EAA422513D8300F77475 /* Build configuration list for PBXNativeTarget "arcTests" */ = {
			isa = XCConfigurationList;
			buildConfigurations = (
				C357EAA522513D8300F77475 /* Debug */,
				C357EAA622513D8300F77475 /* Release */,
			);
			defaultConfigurationIsVisible = 0;
			defaultConfigurationName = Release;
		};
		C357EAA722513D8300F77475 /* Build configuration list for PBXNativeTarget "arcUITests" */ = {
			isa = XCConfigurationList;
			buildConfigurations = (
				C357EAA822513D8300F77475 /* Debug */,
				C357EAA922513D8300F77475 /* Release */,
			);
			defaultConfigurationIsVisible = 0;
			defaultConfigurationName = Release;
		};
/* End XCConfigurationList section */
	};
	rootObject = C357EA7122513D8200F77475 /* Project object */;
}
